// !$*UTF8*$!
{
	archiveVersion = 1;
	classes = {
	};
	objectVersion = 55;
	objects = {

/* Begin PBXBuildFile section */
		AD091B9A28B5D27600DAFCDE /* FileManager+Extension.swift in Sources */ = {isa = PBXBuildFile; fileRef = AD091B9928B5D27600DAFCDE /* FileManager+Extension.swift */; };
		AD3BFA3E28B1F83B00381E8E /* CustomView.swift in Sources */ = {isa = PBXBuildFile; fileRef = AD3BFA3D28B1F83B00381E8E /* CustomView.swift */; };
		AD3BFA4028B1F8C200381E8E /* CustomImageView.swift in Sources */ = {isa = PBXBuildFile; fileRef = AD3BFA3F28B1F8C200381E8E /* CustomImageView.swift */; };
		AD3BFA4228B1FA5800381E8E /* CustomTextView.swift in Sources */ = {isa = PBXBuildFile; fileRef = AD3BFA4128B1FA5800381E8E /* CustomTextView.swift */; };
		AD3BFA4628B2002100381E8E /* FetchImages.swift in Sources */ = {isa = PBXBuildFile; fileRef = AD3BFA4528B2002100381E8E /* FetchImages.swift */; };
		AD3BFA4828B200BA00381E8E /* SelectImageViewController.swift in Sources */ = {isa = PBXBuildFile; fileRef = AD3BFA4728B200BA00381E8E /* SelectImageViewController.swift */; };
		AD3BFA4A28B200DE00381E8E /* SelectView.swift in Sources */ = {isa = PBXBuildFile; fileRef = AD3BFA4928B200DE00381E8E /* SelectView.swift */; };
		AD3BFA5728B2191300381E8E /* ImagesCollectionViewCell.swift in Sources */ = {isa = PBXBuildFile; fileRef = AD3BFA5628B2191300381E8E /* ImagesCollectionViewCell.swift */; };
		AD3BFA5B28B2199D00381E8E /* ReusableProtocols.swift in Sources */ = {isa = PBXBuildFile; fileRef = AD3BFA5A28B2199D00381E8E /* ReusableProtocols.swift */; };
		AD3BFA5E28B234C900381E8E /* Endpoints.swift in Sources */ = {isa = PBXBuildFile; fileRef = AD3BFA5D28B234C900381E8E /* Endpoints.swift */; };
		AD3BFA6028B234D100381E8E /* ImageData.swift in Sources */ = {isa = PBXBuildFile; fileRef = AD3BFA5F28B234D100381E8E /* ImageData.swift */; };
		AD3BFA6228B234E800381E8E /* .gitignore in Resources */ = {isa = PBXBuildFile; fileRef = AD3BFA6128B234E800381E8E /* .gitignore */; };
		AD3BFA6428B234F800381E8E /* APIKey.swift in Sources */ = {isa = PBXBuildFile; fileRef = AD3BFA6328B234F800381E8E /* APIKey.swift */; };
		AD3BFA6728B235C200381E8E /* Alamofire in Frameworks */ = {isa = PBXBuildFile; productRef = AD3BFA6628B235C200381E8E /* Alamofire */; };
		AD3BFA6A28B235CE00381E8E /* SwiftyJSON in Frameworks */ = {isa = PBXBuildFile; productRef = AD3BFA6928B235CE00381E8E /* SwiftyJSON */; };
		AD3BFA6D28B235DF00381E8E /* Kingfisher in Frameworks */ = {isa = PBXBuildFile; productRef = AD3BFA6C28B235DF00381E8E /* Kingfisher */; };
		AD4284A328B1543600EC36E4 /* AppDelegate.swift in Sources */ = {isa = PBXBuildFile; fileRef = AD4284A228B1543600EC36E4 /* AppDelegate.swift */; };
		AD4284A528B1543600EC36E4 /* SceneDelegate.swift in Sources */ = {isa = PBXBuildFile; fileRef = AD4284A428B1543600EC36E4 /* SceneDelegate.swift */; };
		AD4284A728B1543600EC36E4 /* MainDiaryController.swift in Sources */ = {isa = PBXBuildFile; fileRef = AD4284A628B1543600EC36E4 /* MainDiaryController.swift */; };
		AD4284AA28B1543600EC36E4 /* Main.storyboard in Resources */ = {isa = PBXBuildFile; fileRef = AD4284A828B1543600EC36E4 /* Main.storyboard */; };
		AD4284AC28B1543600EC36E4 /* Assets.xcassets in Resources */ = {isa = PBXBuildFile; fileRef = AD4284AB28B1543600EC36E4 /* Assets.xcassets */; };
		AD4284AF28B1543600EC36E4 /* LaunchScreen.storyboard in Resources */ = {isa = PBXBuildFile; fileRef = AD4284AD28B1543600EC36E4 /* LaunchScreen.storyboard */; };
		AD4284B928B154AE00EC36E4 /* BaseViewController.swift in Sources */ = {isa = PBXBuildFile; fileRef = AD4284B828B154AE00EC36E4 /* BaseViewController.swift */; };
		AD4284BB28B154E800EC36E4 /* BaseView.swift in Sources */ = {isa = PBXBuildFile; fileRef = AD4284BA28B154E800EC36E4 /* BaseView.swift */; };
		AD4284BD28B1556400EC36E4 /* DiaryView.swift in Sources */ = {isa = PBXBuildFile; fileRef = AD4284BC28B1556400EC36E4 /* DiaryView.swift */; };
		AD4284C028B155FE00EC36E4 /* SnapKit in Frameworks */ = {isa = PBXBuildFile; productRef = AD4284BF28B155FE00EC36E4 /* SnapKit */; };
		AD4284C328B156C800EC36E4 /* CustomTextField.swift in Sources */ = {isa = PBXBuildFile; fileRef = AD4284C228B156C800EC36E4 /* CustomTextField.swift */; };
		AD52298628B4E32400811043 /* UIViewController+Extension.swift in Sources */ = {isa = PBXBuildFile; fileRef = AD52298528B4E32400811043 /* UIViewController+Extension.swift */; };
		AD5299A128B3164300761A3A /* Realm in Frameworks */ = {isa = PBXBuildFile; productRef = AD5299A028B3164300761A3A /* Realm */; };
		AD5299A328B3164300761A3A /* RealmSwift in Frameworks */ = {isa = PBXBuildFile; productRef = AD5299A228B3164300761A3A /* RealmSwift */; };
		AD5299A628B319E800761A3A /* RealmModel.swift in Sources */ = {isa = PBXBuildFile; fileRef = AD5299A528B319E800761A3A /* RealmModel.swift */; };
		AD5299A928B32AB500761A3A /* HomeViewController.swift in Sources */ = {isa = PBXBuildFile; fileRef = AD5299A828B32AB500761A3A /* HomeViewController.swift */; };
		AD6A1A7E28B8C01A005C63FD /* MainTabViewController.swift in Sources */ = {isa = PBXBuildFile; fileRef = AD6A1A7D28B8C01A005C63FD /* MainTabViewController.swift */; };
		AD6A1A8128B8C107005C63FD /* SettingsViewController.swift in Sources */ = {isa = PBXBuildFile; fileRef = AD6A1A8028B8C107005C63FD /* SettingsViewController.swift */; };
		AD6A1A8428B8C19D005C63FD /* CalendarViewController.swift in Sources */ = {isa = PBXBuildFile; fileRef = AD6A1A8328B8C19D005C63FD /* CalendarViewController.swift */; };
		AD89567028B527AA00454132 /* String+Extension.swift in Sources */ = {isa = PBXBuildFile; fileRef = AD89566F28B527AA00454132 /* String+Extension.swift */; };
		AD89567428B52D1F00454132 /* HomeTableViewCell.swift in Sources */ = {isa = PBXBuildFile; fileRef = AD89567328B52D1F00454132 /* HomeTableViewCell.swift */; };
		AD89567628B52EF100454132 /* CustomLabel.swift in Sources */ = {isa = PBXBuildFile; fileRef = AD89567528B52EF100454132 /* CustomLabel.swift */; };
		AD89567828B5346E00454132 /* Date+Extension.swift in Sources */ = {isa = PBXBuildFile; fileRef = AD89567728B5346E00454132 /* Date+Extension.swift */; };
		AD95765E28B85596008F9AD9 /* UserDiaryRepository.swift in Sources */ = {isa = PBXBuildFile; fileRef = AD95765D28B85596008F9AD9 /* UserDiaryRepository.swift */; };
		AD95766128B86156008F9AD9 /* FSCalendar in Frameworks */ = {isa = PBXBuildFile; productRef = AD95766028B86156008F9AD9 /* FSCalendar */; };
		ADBBB8A228B701650063BC99 /* Zip in Frameworks */ = {isa = PBXBuildFile; productRef = ADBBB8A128B701650063BC99 /* Zip */; };
		ADDEFF1B28B671B700F28035 /* BackupTableViewCell.swift in Sources */ = {isa = PBXBuildFile; fileRef = ADDEFF1A28B671B700F28035 /* BackupTableViewCell.swift */; };
		ADDEFF1D28B6721000F28035 /* CustomTableViewCell.swift in Sources */ = {isa = PBXBuildFile; fileRef = ADDEFF1C28B6721000F28035 /* CustomTableViewCell.swift */; };
		ADDEFF2028B6734100F28035 /* BackupViewController.swift in Sources */ = {isa = PBXBuildFile; fileRef = ADDEFF1F28B6734100F28035 /* BackupViewController.swift */; };
/* End PBXBuildFile section */

/* Begin PBXFileReference section */
		AD091B9928B5D27600DAFCDE /* FileManager+Extension.swift */ = {isa = PBXFileReference; lastKnownFileType = sourcecode.swift; path = "FileManager+Extension.swift"; sourceTree = "<group>"; };
		AD3BFA3D28B1F83B00381E8E /* CustomView.swift */ = {isa = PBXFileReference; lastKnownFileType = sourcecode.swift; path = CustomView.swift; sourceTree = "<group>"; };
		AD3BFA3F28B1F8C200381E8E /* CustomImageView.swift */ = {isa = PBXFileReference; lastKnownFileType = sourcecode.swift; path = CustomImageView.swift; sourceTree = "<group>"; };
		AD3BFA4128B1FA5800381E8E /* CustomTextView.swift */ = {isa = PBXFileReference; lastKnownFileType = sourcecode.swift; path = CustomTextView.swift; sourceTree = "<group>"; };
		AD3BFA4528B2002100381E8E /* FetchImages.swift */ = {isa = PBXFileReference; lastKnownFileType = sourcecode.swift; path = FetchImages.swift; sourceTree = "<group>"; };
		AD3BFA4728B200BA00381E8E /* SelectImageViewController.swift */ = {isa = PBXFileReference; lastKnownFileType = sourcecode.swift; path = SelectImageViewController.swift; sourceTree = "<group>"; };
		AD3BFA4928B200DE00381E8E /* SelectView.swift */ = {isa = PBXFileReference; lastKnownFileType = sourcecode.swift; path = SelectView.swift; sourceTree = "<group>"; };
		AD3BFA5628B2191300381E8E /* ImagesCollectionViewCell.swift */ = {isa = PBXFileReference; lastKnownFileType = sourcecode.swift; path = ImagesCollectionViewCell.swift; sourceTree = "<group>"; };
		AD3BFA5A28B2199D00381E8E /* ReusableProtocols.swift */ = {isa = PBXFileReference; lastKnownFileType = sourcecode.swift; path = ReusableProtocols.swift; sourceTree = "<group>"; };
		AD3BFA5D28B234C900381E8E /* Endpoints.swift */ = {isa = PBXFileReference; lastKnownFileType = sourcecode.swift; path = Endpoints.swift; sourceTree = "<group>"; };
		AD3BFA5F28B234D100381E8E /* ImageData.swift */ = {isa = PBXFileReference; lastKnownFileType = sourcecode.swift; path = ImageData.swift; sourceTree = "<group>"; };
		AD3BFA6128B234E800381E8E /* .gitignore */ = {isa = PBXFileReference; lastKnownFileType = text; path = .gitignore; sourceTree = "<group>"; };
		AD3BFA6328B234F800381E8E /* APIKey.swift */ = {isa = PBXFileReference; lastKnownFileType = sourcecode.swift; path = APIKey.swift; sourceTree = "<group>"; };
		AD42849F28B1543600EC36E4 /* DiaryCodeBased.app */ = {isa = PBXFileReference; explicitFileType = wrapper.application; includeInIndex = 0; path = DiaryCodeBased.app; sourceTree = BUILT_PRODUCTS_DIR; };
		AD4284A228B1543600EC36E4 /* AppDelegate.swift */ = {isa = PBXFileReference; lastKnownFileType = sourcecode.swift; path = AppDelegate.swift; sourceTree = "<group>"; };
		AD4284A428B1543600EC36E4 /* SceneDelegate.swift */ = {isa = PBXFileReference; lastKnownFileType = sourcecode.swift; path = SceneDelegate.swift; sourceTree = "<group>"; };
		AD4284A628B1543600EC36E4 /* MainDiaryController.swift */ = {isa = PBXFileReference; lastKnownFileType = sourcecode.swift; path = MainDiaryController.swift; sourceTree = "<group>"; };
		AD4284A928B1543600EC36E4 /* Base */ = {isa = PBXFileReference; lastKnownFileType = file.storyboard; name = Base; path = Base.lproj/Main.storyboard; sourceTree = "<group>"; };
		AD4284AB28B1543600EC36E4 /* Assets.xcassets */ = {isa = PBXFileReference; lastKnownFileType = folder.assetcatalog; path = Assets.xcassets; sourceTree = "<group>"; };
		AD4284AE28B1543600EC36E4 /* Base */ = {isa = PBXFileReference; lastKnownFileType = file.storyboard; name = Base; path = Base.lproj/LaunchScreen.storyboard; sourceTree = "<group>"; };
		AD4284B028B1543600EC36E4 /* Info.plist */ = {isa = PBXFileReference; lastKnownFileType = text.plist.xml; path = Info.plist; sourceTree = "<group>"; };
		AD4284B828B154AE00EC36E4 /* BaseViewController.swift */ = {isa = PBXFileReference; lastKnownFileType = sourcecode.swift; path = BaseViewController.swift; sourceTree = "<group>"; };
		AD4284BA28B154E800EC36E4 /* BaseView.swift */ = {isa = PBXFileReference; lastKnownFileType = sourcecode.swift; path = BaseView.swift; sourceTree = "<group>"; };
		AD4284BC28B1556400EC36E4 /* DiaryView.swift */ = {isa = PBXFileReference; lastKnownFileType = sourcecode.swift; path = DiaryView.swift; sourceTree = "<group>"; };
		AD4284C228B156C800EC36E4 /* CustomTextField.swift */ = {isa = PBXFileReference; lastKnownFileType = sourcecode.swift; path = CustomTextField.swift; sourceTree = "<group>"; };
		AD52298528B4E32400811043 /* UIViewController+Extension.swift */ = {isa = PBXFileReference; lastKnownFileType = sourcecode.swift; path = "UIViewController+Extension.swift"; sourceTree = "<group>"; };
		AD5299A528B319E800761A3A /* RealmModel.swift */ = {isa = PBXFileReference; lastKnownFileType = sourcecode.swift; path = RealmModel.swift; sourceTree = "<group>"; };
		AD5299A828B32AB500761A3A /* HomeViewController.swift */ = {isa = PBXFileReference; lastKnownFileType = sourcecode.swift; path = HomeViewController.swift; sourceTree = "<group>"; };
		AD6A1A7D28B8C01A005C63FD /* MainTabViewController.swift */ = {isa = PBXFileReference; lastKnownFileType = sourcecode.swift; path = MainTabViewController.swift; sourceTree = "<group>"; };
		AD6A1A8028B8C107005C63FD /* SettingsViewController.swift */ = {isa = PBXFileReference; lastKnownFileType = sourcecode.swift; path = SettingsViewController.swift; sourceTree = "<group>"; };
		AD6A1A8328B8C19D005C63FD /* CalendarViewController.swift */ = {isa = PBXFileReference; lastKnownFileType = sourcecode.swift; path = CalendarViewController.swift; sourceTree = "<group>"; };
		AD89566F28B527AA00454132 /* String+Extension.swift */ = {isa = PBXFileReference; lastKnownFileType = sourcecode.swift; path = "String+Extension.swift"; sourceTree = "<group>"; };
		AD89567328B52D1F00454132 /* HomeTableViewCell.swift */ = {isa = PBXFileReference; lastKnownFileType = sourcecode.swift; path = HomeTableViewCell.swift; sourceTree = "<group>"; };
		AD89567528B52EF100454132 /* CustomLabel.swift */ = {isa = PBXFileReference; lastKnownFileType = sourcecode.swift; path = CustomLabel.swift; sourceTree = "<group>"; };
		AD89567728B5346E00454132 /* Date+Extension.swift */ = {isa = PBXFileReference; lastKnownFileType = sourcecode.swift; path = "Date+Extension.swift"; sourceTree = "<group>"; };
		AD95765D28B85596008F9AD9 /* UserDiaryRepository.swift */ = {isa = PBXFileReference; lastKnownFileType = sourcecode.swift; path = UserDiaryRepository.swift; sourceTree = "<group>"; };
		ADDEFF1A28B671B700F28035 /* BackupTableViewCell.swift */ = {isa = PBXFileReference; lastKnownFileType = sourcecode.swift; path = BackupTableViewCell.swift; sourceTree = "<group>"; };
		ADDEFF1C28B6721000F28035 /* CustomTableViewCell.swift */ = {isa = PBXFileReference; lastKnownFileType = sourcecode.swift; path = CustomTableViewCell.swift; sourceTree = "<group>"; };
		ADDEFF1F28B6734100F28035 /* BackupViewController.swift */ = {isa = PBXFileReference; lastKnownFileType = sourcecode.swift; path = BackupViewController.swift; sourceTree = "<group>"; };
/* End PBXFileReference section */

/* Begin PBXFrameworksBuildPhase section */
		AD42849C28B1543600EC36E4 /* Frameworks */ = {
			isa = PBXFrameworksBuildPhase;
			buildActionMask = 2147483647;
			files = (
				ADBBB8A228B701650063BC99 /* Zip in Frameworks */,
				AD5299A328B3164300761A3A /* RealmSwift in Frameworks */,
				AD3BFA6D28B235DF00381E8E /* Kingfisher in Frameworks */,
				AD3BFA6A28B235CE00381E8E /* SwiftyJSON in Frameworks */,
				AD4284C028B155FE00EC36E4 /* SnapKit in Frameworks */,
				AD95766128B86156008F9AD9 /* FSCalendar in Frameworks */,
				AD3BFA6728B235C200381E8E /* Alamofire in Frameworks */,
				AD5299A128B3164300761A3A /* Realm in Frameworks */,
			);
			runOnlyForDeploymentPostprocessing = 0;
		};
/* End PBXFrameworksBuildPhase section */

/* Begin PBXGroup section */
		AD091B9728B5A84800DAFCDE /* Diary */ = {
			isa = PBXGroup;
			children = (
				AD4284A628B1543600EC36E4 /* MainDiaryController.swift */,
				AD4284BC28B1556400EC36E4 /* DiaryView.swift */,
			);
			name = Diary;
			sourceTree = "<group>";
		};
		AD091B9828B5A86000DAFCDE /* GetImages */ = {
			isa = PBXGroup;
			children = (
				AD3BFA4728B200BA00381E8E /* SelectImageViewController.swift */,
				AD3BFA4928B200DE00381E8E /* SelectView.swift */,
				AD3BFA5628B2191300381E8E /* ImagesCollectionViewCell.swift */,
			);
			name = GetImages;
			sourceTree = "<group>";
		};
		AD3BFA4428B2000800381E8E /* Networking */ = {
			isa = PBXGroup;
			children = (
				AD3BFA6328B234F800381E8E /* APIKey.swift */,
				AD3BFA4528B2002100381E8E /* FetchImages.swift */,
				AD3BFA5D28B234C900381E8E /* Endpoints.swift */,
				AD3BFA5F28B234D100381E8E /* ImageData.swift */,
			);
			name = Networking;
			sourceTree = "<group>";
		};
		AD3BFA5928B2198900381E8E /* Protocols */ = {
			isa = PBXGroup;
			children = (
				AD3BFA5A28B2199D00381E8E /* ReusableProtocols.swift */,
			);
			name = Protocols;
			sourceTree = "<group>";
		};
		AD42849628B1543500EC36E4 = {
			isa = PBXGroup;
			children = (
				AD3BFA6128B234E800381E8E /* .gitignore */,
				AD4284A128B1543600EC36E4 /* DiaryCodeBased */,
				AD4284A028B1543600EC36E4 /* Products */,
			);
			sourceTree = "<group>";
		};
		AD4284A028B1543600EC36E4 /* Products */ = {
			isa = PBXGroup;
			children = (
				AD42849F28B1543600EC36E4 /* DiaryCodeBased.app */,
			);
			name = Products;
			sourceTree = "<group>";
		};
		AD4284A128B1543600EC36E4 /* DiaryCodeBased */ = {
			isa = PBXGroup;
			children = (
				AD4284A228B1543600EC36E4 /* AppDelegate.swift */,
				AD4284A428B1543600EC36E4 /* SceneDelegate.swift */,
				AD52298428B4E31100811043 /* Extensions */,
				AD3BFA5928B2198900381E8E /* Protocols */,
				AD5299A428B319D700761A3A /* Realm */,
				AD3BFA4428B2000800381E8E /* Networking */,
				AD4284B628B1548000EC36E4 /* Utility */,
				AD6A1A7C28B8BFF8005C63FD /* TabBar */,
				AD5299A728B32AA000761A3A /* Home */,
				ADDEFF1E28B6731F00F28035 /* Backup */,
				AD6A1A8228B8C180005C63FD /* Calendar */,
				AD091B9728B5A84800DAFCDE /* Diary */,
				AD091B9828B5A86000DAFCDE /* GetImages */,
				AD6A1A7F28B8C0E0005C63FD /* Settings */,
				AD4284A828B1543600EC36E4 /* Main.storyboard */,
				AD4284AB28B1543600EC36E4 /* Assets.xcassets */,
				AD4284AD28B1543600EC36E4 /* LaunchScreen.storyboard */,
				AD4284B028B1543600EC36E4 /* Info.plist */,
			);
			path = DiaryCodeBased;
			sourceTree = "<group>";
		};
		AD4284B628B1548000EC36E4 /* Utility */ = {
			isa = PBXGroup;
			children = (
				AD4284B728B1548E00EC36E4 /* Custom */,
				AD4284B828B154AE00EC36E4 /* BaseViewController.swift */,
				AD4284BA28B154E800EC36E4 /* BaseView.swift */,
			);
			name = Utility;
			sourceTree = "<group>";
		};
		AD4284B728B1548E00EC36E4 /* Custom */ = {
			isa = PBXGroup;
			children = (
				AD4284C228B156C800EC36E4 /* CustomTextField.swift */,
				AD3BFA3D28B1F83B00381E8E /* CustomView.swift */,
				AD3BFA3F28B1F8C200381E8E /* CustomImageView.swift */,
				AD3BFA4128B1FA5800381E8E /* CustomTextView.swift */,
				AD89567528B52EF100454132 /* CustomLabel.swift */,
				ADDEFF1C28B6721000F28035 /* CustomTableViewCell.swift */,
			);
			name = Custom;
			sourceTree = "<group>";
		};
		AD52298428B4E31100811043 /* Extensions */ = {
			isa = PBXGroup;
			children = (
				AD52298528B4E32400811043 /* UIViewController+Extension.swift */,
				AD89566F28B527AA00454132 /* String+Extension.swift */,
				AD89567728B5346E00454132 /* Date+Extension.swift */,
				AD091B9928B5D27600DAFCDE /* FileManager+Extension.swift */,
			);
			name = Extensions;
			sourceTree = "<group>";
		};
		AD5299A428B319D700761A3A /* Realm */ = {
			isa = PBXGroup;
			children = (
				AD5299A528B319E800761A3A /* RealmModel.swift */,
				AD95765D28B85596008F9AD9 /* UserDiaryRepository.swift */,
			);
			name = Realm;
			sourceTree = "<group>";
		};
		AD5299A728B32AA000761A3A /* Home */ = {
			isa = PBXGroup;
			children = (
				AD5299A828B32AB500761A3A /* HomeViewController.swift */,
				AD89567328B52D1F00454132 /* HomeTableViewCell.swift */,
			);
			name = Home;
			sourceTree = "<group>";
		};
		AD6A1A7C28B8BFF8005C63FD /* TabBar */ = {
			isa = PBXGroup;
			children = (
				AD6A1A7D28B8C01A005C63FD /* MainTabViewController.swift */,
			);
			name = TabBar;
			sourceTree = "<group>";
		};
		AD6A1A7F28B8C0E0005C63FD /* Settings */ = {
			isa = PBXGroup;
			children = (
				AD6A1A8028B8C107005C63FD /* SettingsViewController.swift */,
			);
			name = Settings;
			sourceTree = "<group>";
		};
		AD6A1A8228B8C180005C63FD /* Calendar */ = {
			isa = PBXGroup;
			children = (
				AD6A1A8328B8C19D005C63FD /* CalendarViewController.swift */,
			);
			name = Calendar;
			sourceTree = "<group>";
		};
		ADDEFF1E28B6731F00F28035 /* Backup */ = {
			isa = PBXGroup;
			children = (
				ADDEFF1F28B6734100F28035 /* BackupViewController.swift */,
				ADDEFF1A28B671B700F28035 /* BackupTableViewCell.swift */,
			);
			name = Backup;
			sourceTree = "<group>";
		};
/* End PBXGroup section */

/* Begin PBXNativeTarget section */
		AD42849E28B1543600EC36E4 /* DiaryCodeBased */ = {
			isa = PBXNativeTarget;
			buildConfigurationList = AD4284B328B1543600EC36E4 /* Build configuration list for PBXNativeTarget "DiaryCodeBased" */;
			buildPhases = (
				AD42849B28B1543600EC36E4 /* Sources */,
				AD42849C28B1543600EC36E4 /* Frameworks */,
				AD42849D28B1543600EC36E4 /* Resources */,
			);
			buildRules = (
			);
			dependencies = (
			);
			name = DiaryCodeBased;
			packageProductDependencies = (
				AD4284BF28B155FE00EC36E4 /* SnapKit */,
				AD3BFA6628B235C200381E8E /* Alamofire */,
				AD3BFA6928B235CE00381E8E /* SwiftyJSON */,
				AD3BFA6C28B235DF00381E8E /* Kingfisher */,
				AD5299A028B3164300761A3A /* Realm */,
				AD5299A228B3164300761A3A /* RealmSwift */,
				ADBBB8A128B701650063BC99 /* Zip */,
				AD95766028B86156008F9AD9 /* FSCalendar */,
			);
			productName = DiaryCodeBased;
			productReference = AD42849F28B1543600EC36E4 /* DiaryCodeBased.app */;
			productType = "com.apple.product-type.application";
		};
/* End PBXNativeTarget section */

/* Begin PBXProject section */
		AD42849728B1543500EC36E4 /* Project object */ = {
			isa = PBXProject;
			attributes = {
				BuildIndependentTargetsInParallel = 1;
				LastSwiftUpdateCheck = 1340;
				LastUpgradeCheck = 1340;
				TargetAttributes = {
					AD42849E28B1543600EC36E4 = {
						CreatedOnToolsVersion = 13.4.1;
					};
				};
			};
			buildConfigurationList = AD42849A28B1543500EC36E4 /* Build configuration list for PBXProject "DiaryCodeBased" */;
			compatibilityVersion = "Xcode 13.0";
			developmentRegion = en;
			hasScannedForEncodings = 0;
			knownRegions = (
				en,
				Base,
			);
			mainGroup = AD42849628B1543500EC36E4;
			packageReferences = (
				AD4284BE28B155FE00EC36E4 /* XCRemoteSwiftPackageReference "SnapKit" */,
				AD3BFA6528B235C200381E8E /* XCRemoteSwiftPackageReference "Alamofire" */,
				AD3BFA6828B235CE00381E8E /* XCRemoteSwiftPackageReference "SwiftyJSON" */,
				AD3BFA6B28B235DF00381E8E /* XCRemoteSwiftPackageReference "Kingfisher" */,
				AD52999F28B3164300761A3A /* XCRemoteSwiftPackageReference "realm-swift" */,
				ADBBB8A028B701650063BC99 /* XCRemoteSwiftPackageReference "Zip" */,
				AD95765F28B86156008F9AD9 /* XCRemoteSwiftPackageReference "FSCalendar" */,
			);
			productRefGroup = AD4284A028B1543600EC36E4 /* Products */;
			projectDirPath = "";
			projectRoot = "";
			targets = (
				AD42849E28B1543600EC36E4 /* DiaryCodeBased */,
			);
		};
/* End PBXProject section */

/* Begin PBXResourcesBuildPhase section */
		AD42849D28B1543600EC36E4 /* Resources */ = {
			isa = PBXResourcesBuildPhase;
			buildActionMask = 2147483647;
			files = (
				AD3BFA6228B234E800381E8E /* .gitignore in Resources */,
				AD4284AF28B1543600EC36E4 /* LaunchScreen.storyboard in Resources */,
				AD4284AC28B1543600EC36E4 /* Assets.xcassets in Resources */,
				AD4284AA28B1543600EC36E4 /* Main.storyboard in Resources */,
			);
			runOnlyForDeploymentPostprocessing = 0;
		};
/* End PBXResourcesBuildPhase section */

/* Begin PBXSourcesBuildPhase section */
		AD42849B28B1543600EC36E4 /* Sources */ = {
			isa = PBXSourcesBuildPhase;
			buildActionMask = 2147483647;
			files = (
				AD3BFA6028B234D100381E8E /* ImageData.swift in Sources */,
				AD89567628B52EF100454132 /* CustomLabel.swift in Sources */,
				ADDEFF1B28B671B700F28035 /* BackupTableViewCell.swift in Sources */,
				AD6A1A8428B8C19D005C63FD /* CalendarViewController.swift in Sources */,
				AD5299A628B319E800761A3A /* RealmModel.swift in Sources */,
				AD4284C328B156C800EC36E4 /* CustomTextField.swift in Sources */,
				AD3BFA4028B1F8C200381E8E /* CustomImageView.swift in Sources */,
				AD3BFA3E28B1F83B00381E8E /* CustomView.swift in Sources */,
				AD6A1A8128B8C107005C63FD /* SettingsViewController.swift in Sources */,
				AD4284A728B1543600EC36E4 /* MainDiaryController.swift in Sources */,
				AD89567428B52D1F00454132 /* HomeTableViewCell.swift in Sources */,
				AD4284B928B154AE00EC36E4 /* BaseViewController.swift in Sources */,
				AD6A1A7E28B8C01A005C63FD /* MainTabViewController.swift in Sources */,
				ADDEFF1D28B6721000F28035 /* CustomTableViewCell.swift in Sources */,
				AD52298628B4E32400811043 /* UIViewController+Extension.swift in Sources */,
				AD5299A928B32AB500761A3A /* HomeViewController.swift in Sources */,
				ADDEFF2028B6734100F28035 /* BackupViewController.swift in Sources */,
				AD4284BD28B1556400EC36E4 /* DiaryView.swift in Sources */,
				AD3BFA5728B2191300381E8E /* ImagesCollectionViewCell.swift in Sources */,
				AD3BFA4228B1FA5800381E8E /* CustomTextView.swift in Sources */,
				AD89567828B5346E00454132 /* Date+Extension.swift in Sources */,
				AD89567028B527AA00454132 /* String+Extension.swift in Sources */,
				AD3BFA4A28B200DE00381E8E /* SelectView.swift in Sources */,
				AD4284BB28B154E800EC36E4 /* BaseView.swift in Sources */,
				AD3BFA4828B200BA00381E8E /* SelectImageViewController.swift in Sources */,
				AD95765E28B85596008F9AD9 /* UserDiaryRepository.swift in Sources */,
				AD4284A328B1543600EC36E4 /* AppDelegate.swift in Sources */,
				AD3BFA6428B234F800381E8E /* APIKey.swift in Sources */,
				AD3BFA5B28B2199D00381E8E /* ReusableProtocols.swift in Sources */,
				AD4284A528B1543600EC36E4 /* SceneDelegate.swift in Sources */,
				AD091B9A28B5D27600DAFCDE /* FileManager+Extension.swift in Sources */,
				AD3BFA5E28B234C900381E8E /* Endpoints.swift in Sources */,
				AD3BFA4628B2002100381E8E /* FetchImages.swift in Sources */,
			);
			runOnlyForDeploymentPostprocessing = 0;
		};
/* End PBXSourcesBuildPhase section */

/* Begin PBXVariantGroup section */
		AD4284A828B1543600EC36E4 /* Main.storyboard */ = {
			isa = PBXVariantGroup;
			children = (
				AD4284A928B1543600EC36E4 /* Base */,
			);
			name = Main.storyboard;
			sourceTree = "<group>";
		};
		AD4284AD28B1543600EC36E4 /* LaunchScreen.storyboard */ = {
			isa = PBXVariantGroup;
			children = (
				AD4284AE28B1543600EC36E4 /* Base */,
			);
			name = LaunchScreen.storyboard;
			sourceTree = "<group>";
		};
/* End PBXVariantGroup section */

/* Begin XCBuildConfiguration section */
		AD4284B128B1543600EC36E4 /* Debug */ = {
			isa = XCBuildConfiguration;
			buildSettings = {
				ALWAYS_SEARCH_USER_PATHS = NO;
				CLANG_ANALYZER_NONNULL = YES;
				CLANG_ANALYZER_NUMBER_OBJECT_CONVERSION = YES_AGGRESSIVE;
				CLANG_CXX_LANGUAGE_STANDARD = "gnu++17";
				CLANG_ENABLE_MODULES = YES;
				CLANG_ENABLE_OBJC_ARC = YES;
				CLANG_ENABLE_OBJC_WEAK = YES;
				CLANG_WARN_BLOCK_CAPTURE_AUTORELEASING = YES;
				CLANG_WARN_BOOL_CONVERSION = YES;
				CLANG_WARN_COMMA = YES;
				CLANG_WARN_CONSTANT_CONVERSION = YES;
				CLANG_WARN_DEPRECATED_OBJC_IMPLEMENTATIONS = YES;
				CLANG_WARN_DIRECT_OBJC_ISA_USAGE = YES_ERROR;
				CLANG_WARN_DOCUMENTATION_COMMENTS = YES;
				CLANG_WARN_EMPTY_BODY = YES;
				CLANG_WARN_ENUM_CONVERSION = YES;
				CLANG_WARN_INFINITE_RECURSION = YES;
				CLANG_WARN_INT_CONVERSION = YES;
				CLANG_WARN_NON_LITERAL_NULL_CONVERSION = YES;
				CLANG_WARN_OBJC_IMPLICIT_RETAIN_SELF = YES;
				CLANG_WARN_OBJC_LITERAL_CONVERSION = YES;
				CLANG_WARN_OBJC_ROOT_CLASS = YES_ERROR;
				CLANG_WARN_QUOTED_INCLUDE_IN_FRAMEWORK_HEADER = YES;
				CLANG_WARN_RANGE_LOOP_ANALYSIS = YES;
				CLANG_WARN_STRICT_PROTOTYPES = YES;
				CLANG_WARN_SUSPICIOUS_MOVE = YES;
				CLANG_WARN_UNGUARDED_AVAILABILITY = YES_AGGRESSIVE;
				CLANG_WARN_UNREACHABLE_CODE = YES;
				CLANG_WARN__DUPLICATE_METHOD_MATCH = YES;
				COPY_PHASE_STRIP = NO;
				DEBUG_INFORMATION_FORMAT = dwarf;
				ENABLE_STRICT_OBJC_MSGSEND = YES;
				ENABLE_TESTABILITY = YES;
				GCC_C_LANGUAGE_STANDARD = gnu11;
				GCC_DYNAMIC_NO_PIC = NO;
				GCC_NO_COMMON_BLOCKS = YES;
				GCC_OPTIMIZATION_LEVEL = 0;
				GCC_PREPROCESSOR_DEFINITIONS = (
					"DEBUG=1",
					"$(inherited)",
				);
				GCC_WARN_64_TO_32_BIT_CONVERSION = YES;
				GCC_WARN_ABOUT_RETURN_TYPE = YES_ERROR;
				GCC_WARN_UNDECLARED_SELECTOR = YES;
				GCC_WARN_UNINITIALIZED_AUTOS = YES_AGGRESSIVE;
				GCC_WARN_UNUSED_FUNCTION = YES;
				GCC_WARN_UNUSED_VARIABLE = YES;
				IPHONEOS_DEPLOYMENT_TARGET = 15.5;
				MTL_ENABLE_DEBUG_INFO = INCLUDE_SOURCE;
				MTL_FAST_MATH = YES;
				ONLY_ACTIVE_ARCH = YES;
				SDKROOT = iphoneos;
				SWIFT_ACTIVE_COMPILATION_CONDITIONS = DEBUG;
				SWIFT_OPTIMIZATION_LEVEL = "-Onone";
			};
			name = Debug;
		};
		AD4284B228B1543600EC36E4 /* Release */ = {
			isa = XCBuildConfiguration;
			buildSettings = {
				ALWAYS_SEARCH_USER_PATHS = NO;
				CLANG_ANALYZER_NONNULL = YES;
				CLANG_ANALYZER_NUMBER_OBJECT_CONVERSION = YES_AGGRESSIVE;
				CLANG_CXX_LANGUAGE_STANDARD = "gnu++17";
				CLANG_ENABLE_MODULES = YES;
				CLANG_ENABLE_OBJC_ARC = YES;
				CLANG_ENABLE_OBJC_WEAK = YES;
				CLANG_WARN_BLOCK_CAPTURE_AUTORELEASING = YES;
				CLANG_WARN_BOOL_CONVERSION = YES;
				CLANG_WARN_COMMA = YES;
				CLANG_WARN_CONSTANT_CONVERSION = YES;
				CLANG_WARN_DEPRECATED_OBJC_IMPLEMENTATIONS = YES;
				CLANG_WARN_DIRECT_OBJC_ISA_USAGE = YES_ERROR;
				CLANG_WARN_DOCUMENTATION_COMMENTS = YES;
				CLANG_WARN_EMPTY_BODY = YES;
				CLANG_WARN_ENUM_CONVERSION = YES;
				CLANG_WARN_INFINITE_RECURSION = YES;
				CLANG_WARN_INT_CONVERSION = YES;
				CLANG_WARN_NON_LITERAL_NULL_CONVERSION = YES;
				CLANG_WARN_OBJC_IMPLICIT_RETAIN_SELF = YES;
				CLANG_WARN_OBJC_LITERAL_CONVERSION = YES;
				CLANG_WARN_OBJC_ROOT_CLASS = YES_ERROR;
				CLANG_WARN_QUOTED_INCLUDE_IN_FRAMEWORK_HEADER = YES;
				CLANG_WARN_RANGE_LOOP_ANALYSIS = YES;
				CLANG_WARN_STRICT_PROTOTYPES = YES;
				CLANG_WARN_SUSPICIOUS_MOVE = YES;
				CLANG_WARN_UNGUARDED_AVAILABILITY = YES_AGGRESSIVE;
				CLANG_WARN_UNREACHABLE_CODE = YES;
				CLANG_WARN__DUPLICATE_METHOD_MATCH = YES;
				COPY_PHASE_STRIP = NO;
				DEBUG_INFORMATION_FORMAT = "dwarf-with-dsym";
				ENABLE_NS_ASSERTIONS = NO;
				ENABLE_STRICT_OBJC_MSGSEND = YES;
				GCC_C_LANGUAGE_STANDARD = gnu11;
				GCC_NO_COMMON_BLOCKS = YES;
				GCC_WARN_64_TO_32_BIT_CONVERSION = YES;
				GCC_WARN_ABOUT_RETURN_TYPE = YES_ERROR;
				GCC_WARN_UNDECLARED_SELECTOR = YES;
				GCC_WARN_UNINITIALIZED_AUTOS = YES_AGGRESSIVE;
				GCC_WARN_UNUSED_FUNCTION = YES;
				GCC_WARN_UNUSED_VARIABLE = YES;
				IPHONEOS_DEPLOYMENT_TARGET = 15.5;
				MTL_ENABLE_DEBUG_INFO = NO;
				MTL_FAST_MATH = YES;
				SDKROOT = iphoneos;
				SWIFT_COMPILATION_MODE = wholemodule;
				SWIFT_OPTIMIZATION_LEVEL = "-O";
				VALIDATE_PRODUCT = YES;
			};
			name = Release;
		};
		AD4284B428B1543600EC36E4 /* Debug */ = {
			isa = XCBuildConfiguration;
			buildSettings = {
				ASSETCATALOG_COMPILER_APPICON_NAME = AppIcon;
				ASSETCATALOG_COMPILER_GLOBAL_ACCENT_COLOR_NAME = AccentColor;
				CODE_SIGN_STYLE = Automatic;
				CURRENT_PROJECT_VERSION = 1;
				DEVELOPMENT_TEAM = DLA597KS3F;
				GENERATE_INFOPLIST_FILE = YES;
				INFOPLIST_FILE = DiaryCodeBased/Info.plist;
				INFOPLIST_KEY_UIApplicationSupportsIndirectInputEvents = YES;
				INFOPLIST_KEY_UILaunchStoryboardName = LaunchScreen;
				INFOPLIST_KEY_UIMainStoryboardFile = Main;
				INFOPLIST_KEY_UISupportedInterfaceOrientations = UIInterfaceOrientationPortrait;
				INFOPLIST_KEY_UISupportedInterfaceOrientations_iPad = "UIInterfaceOrientationPortrait UIInterfaceOrientationPortraitUpsideDown UIInterfaceOrientationLandscapeLeft UIInterfaceOrientationLandscapeRight";
				INFOPLIST_KEY_UISupportedInterfaceOrientations_iPhone = UIInterfaceOrientationPortrait;
				LD_RUNPATH_SEARCH_PATHS = (
					"$(inherited)",
					"@executable_path/Frameworks",
				);
				MARKETING_VERSION = 1.0;
				PRODUCT_BUNDLE_IDENTIFIER = com.jhee.DiaryCodeBased;
				PRODUCT_NAME = "$(TARGET_NAME)";
				SWIFT_EMIT_LOC_STRINGS = YES;
				SWIFT_VERSION = 5.0;
				TARGETED_DEVICE_FAMILY = 1;
			};
			name = Debug;
		};
		AD4284B528B1543600EC36E4 /* Release */ = {
			isa = XCBuildConfiguration;
			buildSettings = {
				ASSETCATALOG_COMPILER_APPICON_NAME = AppIcon;
				ASSETCATALOG_COMPILER_GLOBAL_ACCENT_COLOR_NAME = AccentColor;
				CODE_SIGN_STYLE = Automatic;
				CURRENT_PROJECT_VERSION = 1;
				DEVELOPMENT_TEAM = DLA597KS3F;
				GENERATE_INFOPLIST_FILE = YES;
				INFOPLIST_FILE = DiaryCodeBased/Info.plist;
				INFOPLIST_KEY_UIApplicationSupportsIndirectInputEvents = YES;
				INFOPLIST_KEY_UILaunchStoryboardName = LaunchScreen;
				INFOPLIST_KEY_UIMainStoryboardFile = Main;
				INFOPLIST_KEY_UISupportedInterfaceOrientations = UIInterfaceOrientationPortrait;
				INFOPLIST_KEY_UISupportedInterfaceOrientations_iPad = "UIInterfaceOrientationPortrait UIInterfaceOrientationPortraitUpsideDown UIInterfaceOrientationLandscapeLeft UIInterfaceOrientationLandscapeRight";
				INFOPLIST_KEY_UISupportedInterfaceOrientations_iPhone = UIInterfaceOrientationPortrait;
				LD_RUNPATH_SEARCH_PATHS = (
					"$(inherited)",
					"@executable_path/Frameworks",
				);
				MARKETING_VERSION = 1.0;
				PRODUCT_BUNDLE_IDENTIFIER = com.jhee.DiaryCodeBased;
				PRODUCT_NAME = "$(TARGET_NAME)";
				SWIFT_EMIT_LOC_STRINGS = YES;
				SWIFT_VERSION = 5.0;
				TARGETED_DEVICE_FAMILY = 1;
			};
			name = Release;
		};
/* End XCBuildConfiguration section */

/* Begin XCConfigurationList section */
		AD42849A28B1543500EC36E4 /* Build configuration list for PBXProject "DiaryCodeBased" */ = {
			isa = XCConfigurationList;
			buildConfigurations = (
				AD4284B128B1543600EC36E4 /* Debug */,
				AD4284B228B1543600EC36E4 /* Release */,
			);
			defaultConfigurationIsVisible = 0;
			defaultConfigurationName = Release;
		};
		AD4284B328B1543600EC36E4 /* Build configuration list for PBXNativeTarget "DiaryCodeBased" */ = {
			isa = XCConfigurationList;
			buildConfigurations = (
				AD4284B428B1543600EC36E4 /* Debug */,
				AD4284B528B1543600EC36E4 /* Release */,
			);
			defaultConfigurationIsVisible = 0;
			defaultConfigurationName = Release;
		};
/* End XCConfigurationList section */

/* Begin XCRemoteSwiftPackageReference section */
		AD3BFA6528B235C200381E8E /* XCRemoteSwiftPackageReference "Alamofire" */ = {
			isa = XCRemoteSwiftPackageReference;
			repositoryURL = "https://github.com/Alamofire/Alamofire.git";
			requirement = {
				kind = upToNextMajorVersion;
				minimumVersion = 5.0.0;
			};
		};
		AD3BFA6828B235CE00381E8E /* XCRemoteSwiftPackageReference "SwiftyJSON" */ = {
			isa = XCRemoteSwiftPackageReference;
			repositoryURL = "https://github.com/SwiftyJSON/SwiftyJSON.git";
			requirement = {
				kind = upToNextMajorVersion;
				minimumVersion = 5.0.0;
			};
		};
		AD3BFA6B28B235DF00381E8E /* XCRemoteSwiftPackageReference "Kingfisher" */ = {
			isa = XCRemoteSwiftPackageReference;
			repositoryURL = "https://github.com/onevcat/Kingfisher.git";
			requirement = {
				kind = upToNextMajorVersion;
				minimumVersion = 7.0.0;
			};
		};
		AD4284BE28B155FE00EC36E4 /* XCRemoteSwiftPackageReference "SnapKit" */ = {
			isa = XCRemoteSwiftPackageReference;
			repositoryURL = "https://github.com/SnapKit/SnapKit.git";
			requirement = {
				kind = upToNextMajorVersion;
				minimumVersion = 5.0.0;
			};
		};
		AD52999F28B3164300761A3A /* XCRemoteSwiftPackageReference "realm-swift" */ = {
			isa = XCRemoteSwiftPackageReference;
			repositoryURL = "https://github.com/realm/realm-swift.git";
			requirement = {
				kind = upToNextMajorVersion;
				minimumVersion = 10.0.0;
			};
		};
		AD95765F28B86156008F9AD9 /* XCRemoteSwiftPackageReference "FSCalendar" */ = {
			isa = XCRemoteSwiftPackageReference;
			repositoryURL = "https://github.com/WenchaoD/FSCalendar.git";
			requirement = {
				kind = upToNextMajorVersion;
				minimumVersion = 2.0.0;
			};
		};
		ADBBB8A028B701650063BC99 /* XCRemoteSwiftPackageReference "Zip" */ = {
			isa = XCRemoteSwiftPackageReference;
			repositoryURL = "https://github.com/marmelroy/Zip.git";
			requirement = {
				kind = upToNextMajorVersion;
				minimumVersion = 2.0.0;
			};
		};
/* End XCRemoteSwiftPackageReference section */

/* Begin XCSwiftPackageProductDependency section */
		AD3BFA6628B235C200381E8E /* Alamofire */ = {
			isa = XCSwiftPackageProductDependency;
			package = AD3BFA6528B235C200381E8E /* XCRemoteSwiftPackageReference "Alamofire" */;
			productName = Alamofire;
		};
		AD3BFA6928B235CE00381E8E /* SwiftyJSON */ = {
			isa = XCSwiftPackageProductDependency;
			package = AD3BFA6828B235CE00381E8E /* XCRemoteSwiftPackageReference "SwiftyJSON" */;
			productName = SwiftyJSON;
		};
		AD3BFA6C28B235DF00381E8E /* Kingfisher */ = {
			isa = XCSwiftPackageProductDependency;
			package = AD3BFA6B28B235DF00381E8E /* XCRemoteSwiftPackageReference "Kingfisher" */;
			productName = Kingfisher;
		};
		AD4284BF28B155FE00EC36E4 /* SnapKit */ = {
			isa = XCSwiftPackageProductDependency;
			package = AD4284BE28B155FE00EC36E4 /* XCRemoteSwiftPackageReference "SnapKit" */;
			productName = SnapKit;
		};
		AD5299A028B3164300761A3A /* Realm */ = {
			isa = XCSwiftPackageProductDependency;
			package = AD52999F28B3164300761A3A /* XCRemoteSwiftPackageReference "realm-swift" */;
			productName = Realm;
		};
		AD5299A228B3164300761A3A /* RealmSwift */ = {
			isa = XCSwiftPackageProductDependency;
			package = AD52999F28B3164300761A3A /* XCRemoteSwiftPackageReference "realm-swift" */;
			productName = RealmSwift;
		};
		AD95766028B86156008F9AD9 /* FSCalendar */ = {
			isa = XCSwiftPackageProductDependency;
			package = AD95765F28B86156008F9AD9 /* XCRemoteSwiftPackageReference "FSCalendar" */;
			productName = FSCalendar;
		};
		ADBBB8A128B701650063BC99 /* Zip */ = {
			isa = XCSwiftPackageProductDependency;
			package = ADBBB8A028B701650063BC99 /* XCRemoteSwiftPackageReference "Zip" */;
			productName = Zip;
		};
/* End XCSwiftPackageProductDependency section */
	};
	rootObject = AD42849728B1543500EC36E4 /* Project object */;
}
